// !$*UTF8*$!
{
	archiveVersion = 1;
	classes = {
	};
	objectVersion = 56;
	objects = {

/* Begin PBXBuildFile section */
		D0080C272C10B2E60053A2EB /* DesignersView.swift in Sources */ = {isa = PBXBuildFile; fileRef = D0080C262C10B2E60053A2EB /* DesignersView.swift */; };
		D00BD0CE2C00E2C500538158 /* Geist-Bold.ttf in Resources */ = {isa = PBXBuildFile; fileRef = D00BD0CA2C00E2C500538158 /* Geist-Bold.ttf */; };
		D00BD0CF2C00E2C500538158 /* Geist-SemiBold.ttf in Resources */ = {isa = PBXBuildFile; fileRef = D00BD0CB2C00E2C500538158 /* Geist-SemiBold.ttf */; };
		D00BD0D02C00E2C500538158 /* Geist-Regular.ttf in Resources */ = {isa = PBXBuildFile; fileRef = D00BD0CC2C00E2C500538158 /* Geist-Regular.ttf */; };
		D00BD0D12C00E2C500538158 /* Geist-Medium.ttf in Resources */ = {isa = PBXBuildFile; fileRef = D00BD0CD2C00E2C500538158 /* Geist-Medium.ttf */; };
		D00BD0D62C00E2DC00538158 /* GeistMono-Regular.ttf in Resources */ = {isa = PBXBuildFile; fileRef = D00BD0D22C00E2DC00538158 /* GeistMono-Regular.ttf */; };
		D00BD0D72C00E2DC00538158 /* GeistMono-Medium.ttf in Resources */ = {isa = PBXBuildFile; fileRef = D00BD0D32C00E2DC00538158 /* GeistMono-Medium.ttf */; };
		D00BD0D82C00E2DC00538158 /* GeistMono-SemiBold.ttf in Resources */ = {isa = PBXBuildFile; fileRef = D00BD0D42C00E2DC00538158 /* GeistMono-SemiBold.ttf */; };
		D00BD0D92C00E2DC00538158 /* GeistMono-Bold.ttf in Resources */ = {isa = PBXBuildFile; fileRef = D00BD0D52C00E2DC00538158 /* GeistMono-Bold.ttf */; };
		D03F7BB42B952B6A0096A540 /* pahuduApp.swift in Sources */ = {isa = PBXBuildFile; fileRef = D03F7BB32B952B6A0096A540 /* pahuduApp.swift */; };
		D03F7BB62B952B6A0096A540 /* ContentView.swift in Sources */ = {isa = PBXBuildFile; fileRef = D03F7BB52B952B6A0096A540 /* ContentView.swift */; };
		D03F7BB82B952B6C0096A540 /* Assets.xcassets in Resources */ = {isa = PBXBuildFile; fileRef = D03F7BB72B952B6C0096A540 /* Assets.xcassets */; };
		D03F7BBC2B952B6C0096A540 /* Preview Assets.xcassets in Resources */ = {isa = PBXBuildFile; fileRef = D03F7BBB2B952B6C0096A540 /* Preview Assets.xcassets */; };
		D0426F792BB5E17E001ADB0B /* DaysOfWeekView.swift in Sources */ = {isa = PBXBuildFile; fileRef = D0426F782BB5E17E001ADB0B /* DaysOfWeekView.swift */; };
		D0426F7B2BB8B0F1001ADB0B /* MonthListView.swift in Sources */ = {isa = PBXBuildFile; fileRef = D0426F7A2BB8B0F1001ADB0B /* MonthListView.swift */; };
		D048D6A82BAE22A00034FF48 /* DetailsView.swift in Sources */ = {isa = PBXBuildFile; fileRef = D048D6A72BAE22A00034FF48 /* DetailsView.swift */; };
		D048D6B12BB055040034FF48 /* Font.swift in Sources */ = {isa = PBXBuildFile; fileRef = D048D6B02BB055040034FF48 /* Font.swift */; };
		D048D6B32BB0570F0034FF48 /* SettingsView.swift in Sources */ = {isa = PBXBuildFile; fileRef = D048D6B22BB0570F0034FF48 /* SettingsView.swift */; };
		D048D6B52BB0572C0034FF48 /* DiscoverView.swift in Sources */ = {isa = PBXBuildFile; fileRef = D048D6B42BB0572C0034FF48 /* DiscoverView.swift */; };
		D080AA472B9DE77800FAC890 /* DayView.swift in Sources */ = {isa = PBXBuildFile; fileRef = D080AA462B9DE77800FAC890 /* DayView.swift */; };
		D09196442B990D830095DFBF /* calendarModel.swift in Sources */ = {isa = PBXBuildFile; fileRef = D09196432B990D830095DFBF /* calendarModel.swift */; };
		D09196462B9913CA0095DFBF /* YearView.swift in Sources */ = {isa = PBXBuildFile; fileRef = D09196452B9913CA0095DFBF /* YearView.swift */; };
		D09196482B9920190095DFBF /* MonthCalendarView.swift in Sources */ = {isa = PBXBuildFile; fileRef = D09196472B9920190095DFBF /* MonthCalendarView.swift */; };
		D0A5FB8E2BB3796F001CC1EE /* dataModel.swift in Sources */ = {isa = PBXBuildFile; fileRef = D0A5FB8D2BB3796F001CC1EE /* dataModel.swift */; };
		D0A5FB9F2BB4AC0D001CC1EE /* SearchView.swift in Sources */ = {isa = PBXBuildFile; fileRef = D0A5FB9E2BB4AC0D001CC1EE /* SearchView.swift */; };
		D0A9D4E72BAC9BE900C05C56 /* BubbleView.swift in Sources */ = {isa = PBXBuildFile; fileRef = D0A9D4E62BAC9BE900C05C56 /* BubbleView.swift */; };
		D0E7BD042C052461003F3795 /* Color.swift in Sources */ = {isa = PBXBuildFile; fileRef = D0E7BD032C052461003F3795 /* Color.swift */; };
		D0FB5B2A2BA8C9ED00EF9784 /* MarqueeView.swift in Sources */ = {isa = PBXBuildFile; fileRef = D0FB5B292BA8C9ED00EF9784 /* MarqueeView.swift */; };
/* End PBXBuildFile section */

/* Begin PBXFileReference section */
		D0080C262C10B2E60053A2EB /* DesignersView.swift */ = {isa = PBXFileReference; lastKnownFileType = sourcecode.swift; path = DesignersView.swift; sourceTree = "<group>"; };
		D00BD0CA2C00E2C500538158 /* Geist-Bold.ttf */ = {isa = PBXFileReference; lastKnownFileType = file; path = "Geist-Bold.ttf"; sourceTree = "<group>"; };
		D00BD0CB2C00E2C500538158 /* Geist-SemiBold.ttf */ = {isa = PBXFileReference; lastKnownFileType = file; path = "Geist-SemiBold.ttf"; sourceTree = "<group>"; };
		D00BD0CC2C00E2C500538158 /* Geist-Regular.ttf */ = {isa = PBXFileReference; lastKnownFileType = file; path = "Geist-Regular.ttf"; sourceTree = "<group>"; };
		D00BD0CD2C00E2C500538158 /* Geist-Medium.ttf */ = {isa = PBXFileReference; lastKnownFileType = file; path = "Geist-Medium.ttf"; sourceTree = "<group>"; };
		D00BD0D22C00E2DC00538158 /* GeistMono-Regular.ttf */ = {isa = PBXFileReference; lastKnownFileType = file; path = "GeistMono-Regular.ttf"; sourceTree = "<group>"; };
		D00BD0D32C00E2DC00538158 /* GeistMono-Medium.ttf */ = {isa = PBXFileReference; lastKnownFileType = file; path = "GeistMono-Medium.ttf"; sourceTree = "<group>"; };
		D00BD0D42C00E2DC00538158 /* GeistMono-SemiBold.ttf */ = {isa = PBXFileReference; lastKnownFileType = file; path = "GeistMono-SemiBold.ttf"; sourceTree = "<group>"; };
		D00BD0D52C00E2DC00538158 /* GeistMono-Bold.ttf */ = {isa = PBXFileReference; lastKnownFileType = file; path = "GeistMono-Bold.ttf"; sourceTree = "<group>"; };
		D03F7BB02B952B6A0096A540 /* pahudu.app */ = {isa = PBXFileReference; explicitFileType = wrapper.application; includeInIndex = 0; path = pahudu.app; sourceTree = BUILT_PRODUCTS_DIR; };
		D03F7BB32B952B6A0096A540 /* pahuduApp.swift */ = {isa = PBXFileReference; lastKnownFileType = sourcecode.swift; path = pahuduApp.swift; sourceTree = "<group>"; };
		D03F7BB52B952B6A0096A540 /* ContentView.swift */ = {isa = PBXFileReference; lastKnownFileType = sourcecode.swift; path = ContentView.swift; sourceTree = "<group>"; };
		D03F7BB72B952B6C0096A540 /* Assets.xcassets */ = {isa = PBXFileReference; lastKnownFileType = folder.assetcatalog; path = Assets.xcassets; sourceTree = "<group>"; };
		D03F7BB92B952B6C0096A540 /* pahudu.entitlements */ = {isa = PBXFileReference; lastKnownFileType = text.plist.entitlements; path = pahudu.entitlements; sourceTree = "<group>"; };
		D03F7BBB2B952B6C0096A540 /* Preview Assets.xcassets */ = {isa = PBXFileReference; lastKnownFileType = folder.assetcatalog; path = "Preview Assets.xcassets"; sourceTree = "<group>"; };
		D0426F782BB5E17E001ADB0B /* DaysOfWeekView.swift */ = {isa = PBXFileReference; lastKnownFileType = sourcecode.swift; path = DaysOfWeekView.swift; sourceTree = "<group>"; };
		D0426F7A2BB8B0F1001ADB0B /* MonthListView.swift */ = {isa = PBXFileReference; lastKnownFileType = sourcecode.swift; path = MonthListView.swift; sourceTree = "<group>"; };
		D048D6A72BAE22A00034FF48 /* DetailsView.swift */ = {isa = PBXFileReference; lastKnownFileType = sourcecode.swift; path = DetailsView.swift; sourceTree = "<group>"; };
		D048D6B02BB055040034FF48 /* Font.swift */ = {isa = PBXFileReference; lastKnownFileType = sourcecode.swift; path = Font.swift; sourceTree = "<group>"; };
		D048D6B22BB0570F0034FF48 /* SettingsView.swift */ = {isa = PBXFileReference; lastKnownFileType = sourcecode.swift; path = SettingsView.swift; sourceTree = "<group>"; };
		D048D6B42BB0572C0034FF48 /* DiscoverView.swift */ = {isa = PBXFileReference; lastKnownFileType = sourcecode.swift; path = DiscoverView.swift; sourceTree = "<group>"; };
		D080AA462B9DE77800FAC890 /* DayView.swift */ = {isa = PBXFileReference; lastKnownFileType = sourcecode.swift; path = DayView.swift; sourceTree = "<group>"; };
		D09196432B990D830095DFBF /* calendarModel.swift */ = {isa = PBXFileReference; lastKnownFileType = sourcecode.swift; path = calendarModel.swift; sourceTree = "<group>"; };
		D09196452B9913CA0095DFBF /* YearView.swift */ = {isa = PBXFileReference; lastKnownFileType = sourcecode.swift; path = YearView.swift; sourceTree = "<group>"; };
		D09196472B9920190095DFBF /* MonthCalendarView.swift */ = {isa = PBXFileReference; lastKnownFileType = sourcecode.swift; path = MonthCalendarView.swift; sourceTree = "<group>"; };
		D0A5FB8D2BB3796F001CC1EE /* dataModel.swift */ = {isa = PBXFileReference; lastKnownFileType = sourcecode.swift; path = dataModel.swift; sourceTree = "<group>"; };
		D0A5FB9E2BB4AC0D001CC1EE /* SearchView.swift */ = {isa = PBXFileReference; lastKnownFileType = sourcecode.swift; path = SearchView.swift; sourceTree = "<group>"; };
		D0A9D4E52BAC924C00C05C56 /* Info.plist */ = {isa = PBXFileReference; lastKnownFileType = text.plist; path = Info.plist; sourceTree = "<group>"; };
		D0A9D4E62BAC9BE900C05C56 /* BubbleView.swift */ = {isa = PBXFileReference; lastKnownFileType = sourcecode.swift; path = BubbleView.swift; sourceTree = "<group>"; };
		D0E7BD032C052461003F3795 /* Color.swift */ = {isa = PBXFileReference; lastKnownFileType = sourcecode.swift; path = Color.swift; sourceTree = "<group>"; };
		D0FB5B292BA8C9ED00EF9784 /* MarqueeView.swift */ = {isa = PBXFileReference; lastKnownFileType = sourcecode.swift; path = MarqueeView.swift; sourceTree = "<group>"; };
/* End PBXFileReference section */

/* Begin PBXFrameworksBuildPhase section */
		D03F7BAD2B952B6A0096A540 /* Frameworks */ = {
			isa = PBXFrameworksBuildPhase;
			buildActionMask = 2147483647;
			files = (
			);
			runOnlyForDeploymentPostprocessing = 0;
		};
/* End PBXFrameworksBuildPhase section */

/* Begin PBXGroup section */
		D03F7BA72B952B6A0096A540 = {
			isa = PBXGroup;
			children = (
				D03F7BB22B952B6A0096A540 /* pahudu */,
				D03F7BB12B952B6A0096A540 /* Products */,
			);
			sourceTree = "<group>";
		};
		D03F7BB12B952B6A0096A540 /* Products */ = {
			isa = PBXGroup;
			children = (
				D03F7BB02B952B6A0096A540 /* pahudu.app */,
			);
			name = Products;
			sourceTree = "<group>";
		};
		D03F7BB22B952B6A0096A540 /* pahudu */ = {
			isa = PBXGroup;
			children = (
				D03F7BB92B952B6C0096A540 /* pahudu.entitlements */,
				D0A9D4E52BAC924C00C05C56 /* Info.plist */,
				D03F7BB52B952B6A0096A540 /* ContentView.swift */,
				D03F7BB32B952B6A0096A540 /* pahuduApp.swift */,
				D03F7BB72B952B6C0096A540 /* Assets.xcassets */,
				D0FB5B282BA8C9E200EF9784 /* Components */,
				D048D6AF2BB054F70034FF48 /* Extensions */,
				D0A9D4DE2BAC921B00C05C56 /* Fonts */,
				D03F7BBA2B952B6C0096A540 /* Preview Content */,
				D09196402B990D4A0095DFBF /* Models */,
				D0A5FB8C2BB35E35001CC1EE /* Views */,
			);
			path = pahudu;
			sourceTree = "<group>";
		};
		D03F7BBA2B952B6C0096A540 /* Preview Content */ = {
			isa = PBXGroup;
			children = (
				D03F7BBB2B952B6C0096A540 /* Preview Assets.xcassets */,
			);
			path = "Preview Content";
			sourceTree = "<group>";
		};
		D048D6AF2BB054F70034FF48 /* Extensions */ = {
			isa = PBXGroup;
			children = (
				D048D6B02BB055040034FF48 /* Font.swift */,
				D0E7BD032C052461003F3795 /* Color.swift */,
			);
			path = Extensions;
			sourceTree = "<group>";
		};
		D09196402B990D4A0095DFBF /* Models */ = {
			isa = PBXGroup;
			children = (
				D09196432B990D830095DFBF /* calendarModel.swift */,
				D0A5FB8D2BB3796F001CC1EE /* dataModel.swift */,
			);
			path = Models;
			sourceTree = "<group>";
		};
		D0A5FB8C2BB35E35001CC1EE /* Views */ = {
			isa = PBXGroup;
			children = (
				D080AA462B9DE77800FAC890 /* DayView.swift */,
				D048D6A72BAE22A00034FF48 /* DetailsView.swift */,
				D048D6B42BB0572C0034FF48 /* DiscoverView.swift */,
				D0080C262C10B2E60053A2EB /* DesignersView.swift */,
				D09196472B9920190095DFBF /* MonthCalendarView.swift */,
				D0426F7A2BB8B0F1001ADB0B /* MonthListView.swift */,
				D048D6B22BB0570F0034FF48 /* SettingsView.swift */,
				D0A5FB9E2BB4AC0D001CC1EE /* SearchView.swift */,
				D09196452B9913CA0095DFBF /* YearView.swift */,
			);
			path = Views;
			sourceTree = "<group>";
		};
		D0A9D4DE2BAC921B00C05C56 /* Fonts */ = {
			isa = PBXGroup;
			children = (
				D00BD0D52C00E2DC00538158 /* GeistMono-Bold.ttf */,
				D00BD0D32C00E2DC00538158 /* GeistMono-Medium.ttf */,
				D00BD0D22C00E2DC00538158 /* GeistMono-Regular.ttf */,
				D00BD0D42C00E2DC00538158 /* GeistMono-SemiBold.ttf */,
				D00BD0CA2C00E2C500538158 /* Geist-Bold.ttf */,
				D00BD0CD2C00E2C500538158 /* Geist-Medium.ttf */,
				D00BD0CC2C00E2C500538158 /* Geist-Regular.ttf */,
				D00BD0CB2C00E2C500538158 /* Geist-SemiBold.ttf */,
			);
			path = Fonts;
			sourceTree = "<group>";
		};
		D0FB5B282BA8C9E200EF9784 /* Components */ = {
			isa = PBXGroup;
			children = (
				D0FB5B292BA8C9ED00EF9784 /* MarqueeView.swift */,
				D0A9D4E62BAC9BE900C05C56 /* BubbleView.swift */,
				D0426F782BB5E17E001ADB0B /* DaysOfWeekView.swift */,
			);
			path = Components;
			sourceTree = "<group>";
		};
/* End PBXGroup section */

/* Begin PBXNativeTarget section */
		D03F7BAF2B952B6A0096A540 /* pahudu */ = {
			isa = PBXNativeTarget;
			buildConfigurationList = D03F7BBF2B952B6C0096A540 /* Build configuration list for PBXNativeTarget "pahudu" */;
			buildPhases = (
				D03F7BAC2B952B6A0096A540 /* Sources */,
				D03F7BAD2B952B6A0096A540 /* Frameworks */,
				D03F7BAE2B952B6A0096A540 /* Resources */,
			);
			buildRules = (
			);
			dependencies = (
			);
			name = pahudu;
			productName = pahudu;
			productReference = D03F7BB02B952B6A0096A540 /* pahudu.app */;
			productType = "com.apple.product-type.application";
		};
/* End PBXNativeTarget section */

/* Begin PBXProject section */
		D03F7BA82B952B6A0096A540 /* Project object */ = {
			isa = PBXProject;
			attributes = {
				BuildIndependentTargetsInParallel = 1;
				LastSwiftUpdateCheck = 1520;
				LastUpgradeCheck = 1530;
				TargetAttributes = {
					D03F7BAF2B952B6A0096A540 = {
						CreatedOnToolsVersion = 15.2;
					};
				};
			};
			buildConfigurationList = D03F7BAB2B952B6A0096A540 /* Build configuration list for PBXProject "pahudu" */;
			compatibilityVersion = "Xcode 14.0";
			developmentRegion = en;
			hasScannedForEncodings = 0;
			knownRegions = (
				en,
				Base,
			);
			mainGroup = D03F7BA72B952B6A0096A540;
			productRefGroup = D03F7BB12B952B6A0096A540 /* Products */;
			projectDirPath = "";
			projectRoot = "";
			targets = (
				D03F7BAF2B952B6A0096A540 /* pahudu */,
			);
		};
/* End PBXProject section */

/* Begin PBXResourcesBuildPhase section */
		D03F7BAE2B952B6A0096A540 /* Resources */ = {
			isa = PBXResourcesBuildPhase;
			buildActionMask = 2147483647;
			files = (
				D00BD0D82C00E2DC00538158 /* GeistMono-SemiBold.ttf in Resources */,
				D00BD0D12C00E2C500538158 /* Geist-Medium.ttf in Resources */,
				D03F7BBC2B952B6C0096A540 /* Preview Assets.xcassets in Resources */,
				D00BD0CE2C00E2C500538158 /* Geist-Bold.ttf in Resources */,
				D00BD0D72C00E2DC00538158 /* GeistMono-Medium.ttf in Resources */,
				D00BD0CF2C00E2C500538158 /* Geist-SemiBold.ttf in Resources */,
				D03F7BB82B952B6C0096A540 /* Assets.xcassets in Resources */,
				D00BD0D92C00E2DC00538158 /* GeistMono-Bold.ttf in Resources */,
				D00BD0D02C00E2C500538158 /* Geist-Regular.ttf in Resources */,
				D00BD0D62C00E2DC00538158 /* GeistMono-Regular.ttf in Resources */,
			);
			runOnlyForDeploymentPostprocessing = 0;
		};
/* End PBXResourcesBuildPhase section */

/* Begin PBXSourcesBuildPhase section */
		D03F7BAC2B952B6A0096A540 /* Sources */ = {
			isa = PBXSourcesBuildPhase;
			buildActionMask = 2147483647;
			files = (
				D0FB5B2A2BA8C9ED00EF9784 /* MarqueeView.swift in Sources */,
				D0E7BD042C052461003F3795 /* Color.swift in Sources */,
				D080AA472B9DE77800FAC890 /* DayView.swift in Sources */,
				D048D6A82BAE22A00034FF48 /* DetailsView.swift in Sources */,
				D0A9D4E72BAC9BE900C05C56 /* BubbleView.swift in Sources */,
				D09196462B9913CA0095DFBF /* YearView.swift in Sources */,
				D0A5FB8E2BB3796F001CC1EE /* dataModel.swift in Sources */,
				D048D6B12BB055040034FF48 /* Font.swift in Sources */,
				D0426F7B2BB8B0F1001ADB0B /* MonthListView.swift in Sources */,
				D0426F792BB5E17E001ADB0B /* DaysOfWeekView.swift in Sources */,
				D09196482B9920190095DFBF /* MonthCalendarView.swift in Sources */,
				D03F7BB62B952B6A0096A540 /* ContentView.swift in Sources */,
				D03F7BB42B952B6A0096A540 /* pahuduApp.swift in Sources */,
				D0A5FB9F2BB4AC0D001CC1EE /* SearchView.swift in Sources */,
				D048D6B32BB0570F0034FF48 /* SettingsView.swift in Sources */,
				D09196442B990D830095DFBF /* calendarModel.swift in Sources */,
				D048D6B52BB0572C0034FF48 /* DiscoverView.swift in Sources */,
				D0080C272C10B2E60053A2EB /* DesignersView.swift in Sources */,
			);
			runOnlyForDeploymentPostprocessing = 0;
		};
/* End PBXSourcesBuildPhase section */

/* Begin XCBuildConfiguration section */
		D03F7BBD2B952B6C0096A540 /* Debug */ = {
			isa = XCBuildConfiguration;
			buildSettings = {
				ALWAYS_SEARCH_USER_PATHS = NO;
				ASSETCATALOG_COMPILER_GENERATE_SWIFT_ASSET_SYMBOL_EXTENSIONS = YES;
				CLANG_ANALYZER_NONNULL = YES;
				CLANG_ANALYZER_NUMBER_OBJECT_CONVERSION = YES_AGGRESSIVE;
				CLANG_CXX_LANGUAGE_STANDARD = "gnu++20";
				CLANG_ENABLE_MODULES = YES;
				CLANG_ENABLE_OBJC_ARC = YES;
				CLANG_ENABLE_OBJC_WEAK = YES;
				CLANG_WARN_BLOCK_CAPTURE_AUTORELEASING = YES;
				CLANG_WARN_BOOL_CONVERSION = YES;
				CLANG_WARN_COMMA = YES;
				CLANG_WARN_CONSTANT_CONVERSION = YES;
				CLANG_WARN_DEPRECATED_OBJC_IMPLEMENTATIONS = YES;
				CLANG_WARN_DIRECT_OBJC_ISA_USAGE = YES_ERROR;
				CLANG_WARN_DOCUMENTATION_COMMENTS = YES;
				CLANG_WARN_EMPTY_BODY = YES;
				CLANG_WARN_ENUM_CONVERSION = YES;
				CLANG_WARN_INFINITE_RECURSION = YES;
				CLANG_WARN_INT_CONVERSION = YES;
				CLANG_WARN_NON_LITERAL_NULL_CONVERSION = YES;
				CLANG_WARN_OBJC_IMPLICIT_RETAIN_SELF = YES;
				CLANG_WARN_OBJC_LITERAL_CONVERSION = YES;
				CLANG_WARN_OBJC_ROOT_CLASS = YES_ERROR;
				CLANG_WARN_QUOTED_INCLUDE_IN_FRAMEWORK_HEADER = YES;
				CLANG_WARN_RANGE_LOOP_ANALYSIS = YES;
				CLANG_WARN_STRICT_PROTOTYPES = YES;
				CLANG_WARN_SUSPICIOUS_MOVE = YES;
				CLANG_WARN_UNGUARDED_AVAILABILITY = YES_AGGRESSIVE;
				CLANG_WARN_UNREACHABLE_CODE = YES;
				CLANG_WARN__DUPLICATE_METHOD_MATCH = YES;
				COPY_PHASE_STRIP = NO;
				DEAD_CODE_STRIPPING = YES;
				DEBUG_INFORMATION_FORMAT = dwarf;
				ENABLE_STRICT_OBJC_MSGSEND = YES;
				ENABLE_TESTABILITY = YES;
				ENABLE_USER_SCRIPT_SANDBOXING = YES;
				GCC_C_LANGUAGE_STANDARD = gnu17;
				GCC_DYNAMIC_NO_PIC = NO;
				GCC_NO_COMMON_BLOCKS = YES;
				GCC_OPTIMIZATION_LEVEL = 0;
				GCC_PREPROCESSOR_DEFINITIONS = (
					"DEBUG=1",
					"$(inherited)",
				);
				GCC_WARN_64_TO_32_BIT_CONVERSION = YES;
				GCC_WARN_ABOUT_RETURN_TYPE = YES_ERROR;
				GCC_WARN_UNDECLARED_SELECTOR = YES;
				GCC_WARN_UNINITIALIZED_AUTOS = YES_AGGRESSIVE;
				GCC_WARN_UNUSED_FUNCTION = YES;
				GCC_WARN_UNUSED_VARIABLE = YES;
				LOCALIZATION_PREFERS_STRING_CATALOGS = YES;
				MTL_ENABLE_DEBUG_INFO = INCLUDE_SOURCE;
				MTL_FAST_MATH = YES;
				ONLY_ACTIVE_ARCH = YES;
				SWIFT_ACTIVE_COMPILATION_CONDITIONS = "DEBUG $(inherited)";
				SWIFT_OPTIMIZATION_LEVEL = "-Onone";
			};
			name = Debug;
		};
		D03F7BBE2B952B6C0096A540 /* Release */ = {
			isa = XCBuildConfiguration;
			buildSettings = {
				ALWAYS_SEARCH_USER_PATHS = NO;
				ASSETCATALOG_COMPILER_GENERATE_SWIFT_ASSET_SYMBOL_EXTENSIONS = YES;
				CLANG_ANALYZER_NONNULL = YES;
				CLANG_ANALYZER_NUMBER_OBJECT_CONVERSION = YES_AGGRESSIVE;
				CLANG_CXX_LANGUAGE_STANDARD = "gnu++20";
				CLANG_ENABLE_MODULES = YES;
				CLANG_ENABLE_OBJC_ARC = YES;
				CLANG_ENABLE_OBJC_WEAK = YES;
				CLANG_WARN_BLOCK_CAPTURE_AUTORELEASING = YES;
				CLANG_WARN_BOOL_CONVERSION = YES;
				CLANG_WARN_COMMA = YES;
				CLANG_WARN_CONSTANT_CONVERSION = YES;
				CLANG_WARN_DEPRECATED_OBJC_IMPLEMENTATIONS = YES;
				CLANG_WARN_DIRECT_OBJC_ISA_USAGE = YES_ERROR;
				CLANG_WARN_DOCUMENTATION_COMMENTS = YES;
				CLANG_WARN_EMPTY_BODY = YES;
				CLANG_WARN_ENUM_CONVERSION = YES;
				CLANG_WARN_INFINITE_RECURSION = YES;
				CLANG_WARN_INT_CONVERSION = YES;
				CLANG_WARN_NON_LITERAL_NULL_CONVERSION = YES;
				CLANG_WARN_OBJC_IMPLICIT_RETAIN_SELF = YES;
				CLANG_WARN_OBJC_LITERAL_CONVERSION = YES;
				CLANG_WARN_OBJC_ROOT_CLASS = YES_ERROR;
				CLANG_WARN_QUOTED_INCLUDE_IN_FRAMEWORK_HEADER = YES;
				CLANG_WARN_RANGE_LOOP_ANALYSIS = YES;
				CLANG_WARN_STRICT_PROTOTYPES = YES;
				CLANG_WARN_SUSPICIOUS_MOVE = YES;
				CLANG_WARN_UNGUARDED_AVAILABILITY = YES_AGGRESSIVE;
				CLANG_WARN_UNREACHABLE_CODE = YES;
				CLANG_WARN__DUPLICATE_METHOD_MATCH = YES;
				COPY_PHASE_STRIP = NO;
				DEAD_CODE_STRIPPING = YES;
				DEBUG_INFORMATION_FORMAT = "dwarf-with-dsym";
				ENABLE_NS_ASSERTIONS = NO;
				ENABLE_STRICT_OBJC_MSGSEND = YES;
				ENABLE_USER_SCRIPT_SANDBOXING = YES;
				GCC_C_LANGUAGE_STANDARD = gnu17;
				GCC_NO_COMMON_BLOCKS = YES;
				GCC_WARN_64_TO_32_BIT_CONVERSION = YES;
				GCC_WARN_ABOUT_RETURN_TYPE = YES_ERROR;
				GCC_WARN_UNDECLARED_SELECTOR = YES;
				GCC_WARN_UNINITIALIZED_AUTOS = YES_AGGRESSIVE;
				GCC_WARN_UNUSED_FUNCTION = YES;
				GCC_WARN_UNUSED_VARIABLE = YES;
				LOCALIZATION_PREFERS_STRING_CATALOGS = YES;
				MTL_ENABLE_DEBUG_INFO = NO;
				MTL_FAST_MATH = YES;
				SWIFT_COMPILATION_MODE = wholemodule;
			};
			name = Release;
		};
		D03F7BC02B952B6C0096A540 /* Debug */ = {
			isa = XCBuildConfiguration;
			buildSettings = {
				ASSETCATALOG_COMPILER_APPICON_NAME = AppIcon;
				ASSETCATALOG_COMPILER_GLOBAL_ACCENT_COLOR_NAME = AccentColor;
				CODE_SIGN_ENTITLEMENTS = pahudu/pahudu.entitlements;
				CODE_SIGN_STYLE = Automatic;
				CURRENT_PROJECT_VERSION = 1;
				DEAD_CODE_STRIPPING = YES;
				DEVELOPMENT_ASSET_PATHS = "\"pahudu/Preview Content\"";
				DEVELOPMENT_TEAM = J9V29RNMKZ;
				ENABLE_HARDENED_RUNTIME = YES;
				ENABLE_PREVIEWS = YES;
				GENERATE_INFOPLIST_FILE = YES;
				INFOPLIST_FILE = pahudu/Info.plist;
				"INFOPLIST_KEY_UIApplicationSceneManifest_Generation[sdk=iphoneos*]" = YES;
				"INFOPLIST_KEY_UIApplicationSceneManifest_Generation[sdk=iphonesimulator*]" = YES;
				"INFOPLIST_KEY_UIApplicationSupportsIndirectInputEvents[sdk=iphoneos*]" = YES;
				"INFOPLIST_KEY_UIApplicationSupportsIndirectInputEvents[sdk=iphonesimulator*]" = YES;
				"INFOPLIST_KEY_UILaunchScreen_Generation[sdk=iphoneos*]" = YES;
				"INFOPLIST_KEY_UILaunchScreen_Generation[sdk=iphonesimulator*]" = YES;
				"INFOPLIST_KEY_UIStatusBarStyle[sdk=iphoneos*]" = UIStatusBarStyleDefault;
				"INFOPLIST_KEY_UIStatusBarStyle[sdk=iphonesimulator*]" = UIStatusBarStyleDefault;
				INFOPLIST_KEY_UISupportedInterfaceOrientations = UIInterfaceOrientationPortrait;
				INFOPLIST_KEY_UISupportedInterfaceOrientations_iPad = "UIInterfaceOrientationLandscapeLeft UIInterfaceOrientationLandscapeRight UIInterfaceOrientationPortrait UIInterfaceOrientationPortraitUpsideDown";
				IPHONEOS_DEPLOYMENT_TARGET = 17.2;
				LD_RUNPATH_SEARCH_PATHS = "@executable_path/Frameworks";
				"LD_RUNPATH_SEARCH_PATHS[sdk=macosx*]" = "@executable_path/../Frameworks";
				MACOSX_DEPLOYMENT_TARGET = 14.1;
				MARKETING_VERSION = 1.0;
				PRODUCT_BUNDLE_IDENTIFIER = com.pahudu.pahudu;
				PRODUCT_NAME = "$(TARGET_NAME)";
				SDKROOT = auto;
				SUPPORTED_PLATFORMS = "iphoneos iphonesimulator macosx";
				SWIFT_EMIT_LOC_STRINGS = YES;
				SWIFT_VERSION = 5.0;
				TARGETED_DEVICE_FAMILY = "1,2";
			};
			name = Debug;
		};
		D03F7BC12B952B6C0096A540 /* Release */ = {
			isa = XCBuildConfiguration;
			buildSettings = {
				ASSETCATALOG_COMPILER_APPICON_NAME = AppIcon;
				ASSETCATALOG_COMPILER_GLOBAL_ACCENT_COLOR_NAME = AccentColor;
				CODE_SIGN_ENTITLEMENTS = pahudu/pahudu.entitlements;
				CODE_SIGN_STYLE = Automatic;
				CURRENT_PROJECT_VERSION = 1;
				DEAD_CODE_STRIPPING = YES;
				DEVELOPMENT_ASSET_PATHS = "\"pahudu/Preview Content\"";
				DEVELOPMENT_TEAM = J9V29RNMKZ;
				ENABLE_HARDENED_RUNTIME = YES;
				ENABLE_PREVIEWS = YES;
				GENERATE_INFOPLIST_FILE = YES;
				INFOPLIST_FILE = pahudu/Info.plist;
				"INFOPLIST_KEY_UIApplicationSceneManifest_Generation[sdk=iphoneos*]" = YES;
				"INFOPLIST_KEY_UIApplicationSceneManifest_Generation[sdk=iphonesimulator*]" = YES;
				"INFOPLIST_KEY_UIApplicationSupportsIndirectInputEvents[sdk=iphoneos*]" = YES;
				"INFOPLIST_KEY_UIApplicationSupportsIndirectInputEvents[sdk=iphonesimulator*]" = YES;
				"INFOPLIST_KEY_UILaunchScreen_Generation[sdk=iphoneos*]" = YES;
				"INFOPLIST_KEY_UILaunchScreen_Generation[sdk=iphonesimulator*]" = YES;
				"INFOPLIST_KEY_UIStatusBarStyle[sdk=iphoneos*]" = UIStatusBarStyleDefault;
				"INFOPLIST_KEY_UIStatusBarStyle[sdk=iphonesimulator*]" = UIStatusBarStyleDefault;
				INFOPLIST_KEY_UISupportedInterfaceOrientations = UIInterfaceOrientationPortrait;
				INFOPLIST_KEY_UISupportedInterfaceOrientations_iPad = "UIInterfaceOrientationLandscapeLeft UIInterfaceOrientationLandscapeRight UIInterfaceOrientationPortrait UIInterfaceOrientationPortraitUpsideDown";
				IPHONEOS_DEPLOYMENT_TARGET = 17.2;
				LD_RUNPATH_SEARCH_PATHS = "@executable_path/Frameworks";
				"LD_RUNPATH_SEARCH_PATHS[sdk=macosx*]" = "@executable_path/../Frameworks";
				MACOSX_DEPLOYMENT_TARGET = 14.1;
				MARKETING_VERSION = 1.0;
				PRODUCT_BUNDLE_IDENTIFIER = com.pahudu.pahudu;
				PRODUCT_NAME = "$(TARGET_NAME)";
				SDKROOT = auto;
				SUPPORTED_PLATFORMS = "iphoneos iphonesimulator macosx";
				SWIFT_EMIT_LOC_STRINGS = YES;
				SWIFT_VERSION = 5.0;
				TARGETED_DEVICE_FAMILY = "1,2";
			};
			name = Release;
		};
/* End XCBuildConfiguration section */

/* Begin XCConfigurationList section */
		D03F7BAB2B952B6A0096A540 /* Build configuration list for PBXProject "pahudu" */ = {
			isa = XCConfigurationList;
			buildConfigurations = (
				D03F7BBD2B952B6C0096A540 /* Debug */,
				D03F7BBE2B952B6C0096A540 /* Release */,
			);
			defaultConfigurationIsVisible = 0;
			defaultConfigurationName = Release;
		};
		D03F7BBF2B952B6C0096A540 /* Build configuration list for PBXNativeTarget "pahudu" */ = {
			isa = XCConfigurationList;
			buildConfigurations = (
				D03F7BC02B952B6C0096A540 /* Debug */,
				D03F7BC12B952B6C0096A540 /* Release */,
			);
			defaultConfigurationIsVisible = 0;
			defaultConfigurationName = Release;
		};
/* End XCConfigurationList section */
	};
	rootObject = D03F7BA82B952B6A0096A540 /* Project object */;
}
